<?xml version="1.0" encoding="utf-8"?>
<Project ToolsVersion="4.0" xmlns="http://schemas.microsoft.com/developer/msbuild/2003">
  <ItemGroup>
    <Filter Include="Source Files">
      <UniqueIdentifier>{4FC737F1-C7A5-4376-A066-2A32D752A2FF}</UniqueIdentifier>
      <Extensions>cpp;c;cc;cxx;def;odl;idl;hpj;bat;asm;asmx</Extensions>
    </Filter>
    <Filter Include="Header Files">
      <UniqueIdentifier>{93995380-89BD-4b04-88EB-625FBE52EBFB}</UniqueIdentifier>
      <Extensions>h;hh;hpp;hxx;hm;inl;inc;ipp;xsd</Extensions>
    </Filter>
    <Filter Include="Resource Files">
      <UniqueIdentifier>{67DA6AB6-F800-4c08-8B7A-83BB121AAD01}</UniqueIdentifier>
      <Extensions>rc;ico;cur;bmp;dlg;rc2;rct;bin;rgs;gif;jpg;jpeg;jpe;resx;tiff;tif;png;wav;mfcribbon-ms</Extensions>
    </Filter>
    <Filter Include="Header Files\Game Items">
      <UniqueIdentifier>{cdd1351b-46f8-412b-bd6a-8db33ce9e565}</UniqueIdentifier>
    </Filter>
    <Filter Include="Header Files\Framework">
      <UniqueIdentifier>{7616db1a-9620-4e6c-994c-9051caf011cd}</UniqueIdentifier>
    </Filter>
    <Filter Include="Header Files\Game Objects">
      <UniqueIdentifier>{6f15c57d-f6ea-4643-9e9f-7274dfe91156}</UniqueIdentifier>
    </Filter>
    <Filter Include="Source Files\Game Items">
      <UniqueIdentifier>{2c154418-e5b5-4841-9477-66b383f7f1ce}</UniqueIdentifier>
    </Filter>
    <Filter Include="Source Files\Game Objects">
      <UniqueIdentifier>{8a3b5a9d-a716-4d85-8003-dee99ee38954}</UniqueIdentifier>
    </Filter>
    <Filter Include="Source Files\Framework">
      <UniqueIdentifier>{32adb3b2-ff83-401d-89e5-1e48664bee09}</UniqueIdentifier>
    </Filter>
    <Filter Include="Header Files\Others">
      <UniqueIdentifier>{b89b642c-57fb-475c-b2f3-0b7fd3714230}</UniqueIdentifier>
    </Filter>
    <Filter Include="Source Files\Main">
      <UniqueIdentifier>{2dbea8b6-22a4-4ae0-b999-2caddbf9cd79}</UniqueIdentifier>
    </Filter>
  </ItemGroup>
  <ItemGroup>
    <ClInclude Include="axe.h">
      <Filter>Header Files\Game Items</Filter>
    </ClInclude>
    <ClInclude Include="bow.h">
      <Filter>Header Files\Game Items</Filter>
    </ClInclude>
    <ClInclude Include="knife.h">
      <Filter>Header Files\Game Items</Filter>
    </ClInclude>
    <ClInclude Include="animation.h">
      <Filter>Header Files\Framework</Filter>
    </ClInclude>
    <ClInclude Include="animationSet.h">
      <Filter>Header Files\Framework</Filter>
    </ClInclude>
    <ClInclude Include="database.h">
      <Filter>Header Files\Framework</Filter>
    </ClInclude>
    <ClInclude Include="define.h">
      <Filter>Header Files\Framework</Filter>
    </ClInclude>
    <ClInclude Include="map.h">
      <Filter>Header Files\Framework</Filter>
    </ClInclude>
    <ClInclude Include="rapidxml.hpp">
      <Filter>Header Files\Framework</Filter>
    </ClInclude>
    <ClInclude Include="rapidxml_iterators.hpp">
      <Filter>Header Files\Framework</Filter>
    </ClInclude>
    <ClInclude Include="rapidxml_print.hpp">
      <Filter>Header Files\Framework</Filter>
    </ClInclude>
    <ClInclude Include="rapidxml_utils.hpp">
      <Filter>Header Files\Framework</Filter>
    </ClInclude>
    <ClInclude Include="sprite.h">
      <Filter>Header Files\Framework</Filter>
    </ClInclude>
    <ClInclude Include="texture.h">
      <Filter>Header Files\Framework</Filter>
    </ClInclude>
    <ClInclude Include="tile.h">
      <Filter>Header Files\Framework</Filter>
    </ClInclude>
    <ClInclude Include="gamePlay.h">
      <Filter>Header Files\Framework</Filter>
    </ClInclude>
    <ClInclude Include="gameObject.h">
      <Filter>Header Files\Framework</Filter>
    </ClInclude>
    <ClInclude Include="game.h">
      <Filter>Header Files\Framework</Filter>
    </ClInclude>
    <ClInclude Include="camera.h">
      <Filter>Header Files\Game Objects</Filter>
    </ClInclude>
    <ClInclude Include="point.h">
      <Filter>Header Files\Game Objects</Filter>
    </ClInclude>
    <ClInclude Include="portal.h">
      <Filter>Header Files\Game Objects</Filter>
    </ClInclude>
    <ClInclude Include="score.h">
      <Filter>Header Files\Game Objects</Filter>
    </ClInclude>
    <ClInclude Include="simon.h">
      <Filter>Header Files\Game Objects</Filter>
    </ClInclude>
    <ClInclude Include="subWeaponSpawner.h">
      <Filter>Header Files\Game Objects</Filter>
    </ClInclude>
    <ClInclude Include="torch.h">
      <Filter>Header Files\Game Objects</Filter>
    </ClInclude>
    <ClInclude Include="whip.h">
      <Filter>Header Files\Game Objects</Filter>
    </ClInclude>
    <ClInclude Include="CastleVania.h">
      <Filter>Header Files\Others</Filter>
    </ClInclude>
    <ClInclude Include="framework.h">
      <Filter>Header Files\Others</Filter>
    </ClInclude>
    <ClInclude Include="Resource.h">
      <Filter>Header Files\Others</Filter>
    </ClInclude>
    <ClInclude Include="targetver.h">
      <Filter>Header Files\Others</Filter>
    </ClInclude>
    <ClInclude Include="effectHit.h">
      <Filter>Header Files\Game Objects</Filter>
    </ClInclude>
    <ClInclude Include="introBat.h">
      <Filter>Header Files\Game Objects</Filter>
    </ClInclude>
    <ClInclude Include="introShip.h">
      <Filter>Header Files\Game Objects</Filter>
    </ClInclude>
    <ClInclude Include="startBat.h">
      <Filter>Header Files\Game Objects</Filter>
    </ClInclude>
    <ClInclude Include="startScript.h">
      <Filter>Header Files\Game Objects</Filter>
    </ClInclude>
    <ClInclude Include="smallHeart.h">
      <Filter>Header Files\Game Items</Filter>
    </ClInclude>
    <ClInclude Include="moneyLv1.h">
      <Filter>Header Files\Game Items</Filter>
    </ClInclude>
    <ClInclude Include="moneyMax.h">
      <Filter>Header Files\Game Items</Filter>
    </ClInclude>
    <ClInclude Include="holyWater.h">
      <Filter>Header Files\Game Items</Filter>
    </ClInclude>
    <ClInclude Include="bigHeart.h">
      <Filter>Header Files\Game Items</Filter>
    </ClInclude>
    <ClInclude Include="effectDie.h">
      <Filter>Header Files\Game Objects</Filter>
    </ClInclude>
    <ClInclude Include="blackKnight.h">
      <Filter>Header Files\Game Objects</Filter>
    </ClInclude>
    <ClInclude Include="vampireBat.h">
      <Filter>Header Files\Game Objects</Filter>
    </ClInclude>
    <ClInclude Include="bone.h">
      <Filter>Header Files\Game Objects</Filter>
    </ClInclude>
    <ClInclude Include="enemySpawner.h">
      <Filter>Header Files\Game Objects</Filter>
    </ClInclude>
    <ClInclude Include="gameObjectEx.h">
      <Filter>Header Files\Game Objects</Filter>
    </ClInclude>
    <ClInclude Include="ghost.h">
      <Filter>Header Files\Game Objects</Filter>
    </ClInclude>
    <ClInclude Include="hunchBack.h">
      <Filter>Header Files\Game Objects</Filter>
    </ClInclude>
    <ClInclude Include="movePaddle.h">
      <Filter>Header Files\Game Objects</Filter>
    </ClInclude>
    <ClInclude Include="skeleton.h">
      <Filter>Header Files\Game Objects</Filter>
    </ClInclude>
    <ClInclude Include="listGameobject.h">
      <Filter>Header Files\Framework</Filter>
    </ClInclude>
    <ClInclude Include="autoGoStair.h">
      <Filter>Header Files\Game Objects</Filter>
    </ClInclude>
    <ClInclude Include="candle.h">
      <Filter>Header Files\Game Objects</Filter>
    </ClInclude>
    <ClInclude Include="raven.h">
      <Filter>Header Files\Game Objects</Filter>
    </ClInclude>
    <ClInclude Include="zombie.h">
      <Filter>Header Files\Game Objects</Filter>
    </ClInclude>
    <ClInclude Include="userData.h">
      <Filter>Header Files\Framework</Filter>
    </ClInclude>
    <ClInclude Include="boomerang.h">
      <Filter>Header Files\Game Objects</Filter>
    </ClInclude>
    <ClInclude Include="boss.h">
      <Filter>Header Files\Game Objects</Filter>
    </ClInclude>
    <ClInclude Include="invisible.h">
      <Filter>Header Files\Game Objects</Filter>
    </ClInclude>
    <ClInclude Include="moneyLv2.h">
      <Filter>Header Files\Game Objects</Filter>
    </ClInclude>
    <ClInclude Include="moneyLv3.h">
      <Filter>Header Files\Game Objects</Filter>
    </ClInclude>
    <ClInclude Include="zombieSpawner.h">
      <Filter>Header Files\Game Objects</Filter>
    </ClInclude>
    <ClInclude Include="SoundManager.h">
      <Filter>Header Files\Framework</Filter>
    </ClInclude>
    <ClInclude Include="bossBall.h">
      <Filter>Header Files\Game Objects</Filter>
    </ClInclude>
    <ClInclude Include="BossBullet.h">
      <Filter>Header Files\Game Objects</Filter>
    </ClInclude>
    <ClInclude Include="bossDieEffect.h">
      <Filter>Header Files\Game Objects</Filter>
    </ClInclude>
    <ClInclude Include="doubleShot.h">
      <Filter>Header Files\Game Objects</Filter>
    </ClInclude>
    <ClInclude Include="emptyBrick.h">
      <Filter>Header Files\Game Objects</Filter>
    </ClInclude>
    <ClInclude Include="tripleShot.h">
      <Filter>Header Files\Game Objects</Filter>
    </ClInclude>
    <ClInclude Include="chicken.h">
      <Filter>Header Files\Game Items</Filter>
    </ClInclude>
    <ClInclude Include="cross.h">
      <Filter>Header Files\Game Items</Filter>
    </ClInclude>
    <ClInclude Include="crown.h">
      <Filter>Header Files\Game Items</Filter>
    </ClInclude>
    <ClInclude Include="timeMachine.h">
      <Filter>Header Files\Game Items</Filter>
    </ClInclude>
    <ClInclude Include="treasure.h">
      <Filter>Header Files\Game Items</Filter>
    </ClInclude>
    <ClInclude Include="brokenBrick.h">
      <Filter>Header Files\Game Objects</Filter>
    </ClInclude>
    <ClInclude Include="hidden.h">
      <Filter>Header Files\Game Objects</Filter>
    </ClInclude>
    <ClInclude Include="selector.h">
      <Filter>Header Files\Game Objects</Filter>
    </ClInclude>
  </ItemGroup>
  <ItemGroup>
    <ClCompile Include="animation.cpp">
      <Filter>Source Files\Framework</Filter>
    </ClCompile>
    <ClCompile Include="animationSet.cpp">
      <Filter>Source Files\Framework</Filter>
    </ClCompile>
    <ClCompile Include="axe.cpp">
      <Filter>Source Files\Game Items</Filter>
    </ClCompile>
    <ClCompile Include="bow.cpp">
      <Filter>Source Files\Game Items</Filter>
    </ClCompile>
    <ClCompile Include="camera.cpp">
      <Filter>Source Files\Game Objects</Filter>
    </ClCompile>
    <ClCompile Include="database.cpp">
      <Filter>Source Files\Framework</Filter>
    </ClCompile>
    <ClCompile Include="game.cpp">
      <Filter>Source Files\Framework</Filter>
    </ClCompile>
    <ClCompile Include="gameObject.cpp">
      <Filter>Source Files\Framework</Filter>
    </ClCompile>
    <ClCompile Include="gamePlay.cpp">
      <Filter>Source Files\Framework</Filter>
    </ClCompile>
    <ClCompile Include="point.cpp">
      <Filter>Source Files\Game Objects</Filter>
    </ClCompile>
    <ClCompile Include="portal.cpp">
      <Filter>Source Files\Game Objects</Filter>
    </ClCompile>
    <ClCompile Include="score.cpp">
      <Filter>Source Files\Game Objects</Filter>
    </ClCompile>
    <ClCompile Include="simon.cpp">
      <Filter>Source Files\Game Objects</Filter>
    </ClCompile>
    <ClCompile Include="torch.cpp">
      <Filter>Source Files\Game Objects</Filter>
    </ClCompile>
    <ClCompile Include="whip.cpp">
      <Filter>Source Files\Game Objects</Filter>
    </ClCompile>
    <ClCompile Include="knife.cpp">
      <Filter>Source Files\Game Items</Filter>
    </ClCompile>
    <ClCompile Include="sprite.cpp">
      <Filter>Source Files\Framework</Filter>
    </ClCompile>
    <ClCompile Include="map.cpp">
      <Filter>Source Files\Framework</Filter>
    </ClCompile>
    <ClCompile Include="texture.cpp">
      <Filter>Source Files\Framework</Filter>
    </ClCompile>
    <ClCompile Include="tile.cpp">
      <Filter>Source Files\Framework</Filter>
    </ClCompile>
    <ClCompile Include="subWeaponSpawner.cpp">
      <Filter>Source Files\Game Objects</Filter>
    </ClCompile>
    <ClCompile Include="main.cpp">
      <Filter>Source Files\Main</Filter>
    </ClCompile>
    <ClCompile Include="bigHeart.cpp">
      <Filter>Source Files\Game Items</Filter>
    </ClCompile>
    <ClCompile Include="holyWater.cpp">
      <Filter>Source Files\Game Items</Filter>
    </ClCompile>
    <ClCompile Include="moneyLv1.cpp">
      <Filter>Source Files\Game Items</Filter>
    </ClCompile>
    <ClCompile Include="smallHeart.cpp">
      <Filter>Source Files\Game Items</Filter>
    </ClCompile>
    <ClCompile Include="moneyMax.cpp">
      <Filter>Source Files\Game Items</Filter>
    </ClCompile>
    <ClCompile Include="effectDie.cpp">
      <Filter>Source Files\Game Objects</Filter>
    </ClCompile>
    <ClCompile Include="effectHit.cpp">
      <Filter>Source Files\Game Objects</Filter>
    </ClCompile>
    <ClCompile Include="introBat.cpp">
      <Filter>Source Files\Game Objects</Filter>
    </ClCompile>
    <ClCompile Include="introShip.cpp">
      <Filter>Source Files\Game Objects</Filter>
    </ClCompile>
    <ClCompile Include="startBat.cpp">
      <Filter>Source Files\Game Objects</Filter>
    </ClCompile>
    <ClCompile Include="startScript.cpp">
      <Filter>Source Files\Game Objects</Filter>
    </ClCompile>
    <ClCompile Include="blackKnight.cpp">
      <Filter>Source Files\Game Objects</Filter>
    </ClCompile>
    <ClCompile Include="vampireBat.cpp">
      <Filter>Source Files\Game Objects</Filter>
    </ClCompile>
    <ClCompile Include="bone.cpp">
      <Filter>Source Files\Game Objects</Filter>
    </ClCompile>
    <ClCompile Include="enemySpawner.cpp">
      <Filter>Source Files\Game Objects</Filter>
    </ClCompile>
    <ClCompile Include="gameObjectEx.cpp">
      <Filter>Source Files\Game Objects</Filter>
    </ClCompile>
    <ClCompile Include="ghost.cpp">
      <Filter>Source Files\Game Objects</Filter>
    </ClCompile>
    <ClCompile Include="hunchBack.cpp">
      <Filter>Source Files\Game Objects</Filter>
    </ClCompile>
    <ClCompile Include="skeleton.cpp">
      <Filter>Source Files\Game Objects</Filter>
    </ClCompile>
    <ClCompile Include="movePaddle.cpp">
      <Filter>Source Files\Game Objects</Filter>
    </ClCompile>
    <ClCompile Include="listGameobject.cpp">
      <Filter>Source Files\Framework</Filter>
    </ClCompile>
    <ClCompile Include="autoGoStair.cpp">
      <Filter>Source Files\Game Objects</Filter>
    </ClCompile>
    <ClCompile Include="candle.cpp">
      <Filter>Source Files\Game Objects</Filter>
    </ClCompile>
    <ClCompile Include="zombie.cpp">
      <Filter>Source Files\Game Objects</Filter>
    </ClCompile>
    <ClCompile Include="raven.cpp">
      <Filter>Source Files\Game Objects</Filter>
    </ClCompile>
    <ClCompile Include="userData.cpp">
      <Filter>Source Files\Framework</Filter>
    </ClCompile>
    <ClCompile Include="boomerang.cpp">
      <Filter>Source Files\Game Objects</Filter>
    </ClCompile>
    <ClCompile Include="boss.cpp">
      <Filter>Source Files\Game Objects</Filter>
    </ClCompile>
    <ClCompile Include="invisible.cpp">
      <Filter>Source Files\Game Objects</Filter>
    </ClCompile>
    <ClCompile Include="moneyLv3.cpp">
      <Filter>Source Files\Game Objects</Filter>
    </ClCompile>
    <ClCompile Include="moneyLv2.cpp">
      <Filter>Source Files\Game Objects</Filter>
    </ClCompile>
    <ClCompile Include="zombieSpawner.cpp">
      <Filter>Source Files\Game Objects</Filter>
    </ClCompile>
    <ClCompile Include="SoundManager.cpp">
      <Filter>Source Files\Framework</Filter>
    </ClCompile>
    <ClCompile Include="bossBall.cpp">
      <Filter>Source Files\Game Objects</Filter>
    </ClCompile>
    <ClCompile Include="BossBullet.cpp">
      <Filter>Source Files\Game Objects</Filter>
    </ClCompile>
    <ClCompile Include="bossDieEffect.cpp">
      <Filter>Source Files\Game Objects</Filter>
    </ClCompile>
    <ClCompile Include="doubleShot.cpp">
      <Filter>Source Files\Game Objects</Filter>
    </ClCompile>
    <ClCompile Include="emptyBrick.cpp">
      <Filter>Source Files\Game Objects</Filter>
    </ClCompile>
    <ClCompile Include="tripleShot.cpp">
      <Filter>Source Files\Game Objects</Filter>
    </ClCompile>
    <ClCompile Include="chicken.cpp">
      <Filter>Source Files\Game Items</Filter>
    </ClCompile>
    <ClCompile Include="cross.cpp">
      <Filter>Source Files\Game Items</Filter>
    </ClCompile>
    <ClCompile Include="crown.cpp">
      <Filter>Source Files\Game Items</Filter>
    </ClCompile>
    <ClCompile Include="timeMachine.cpp">
      <Filter>Source Files\Game Items</Filter>
    </ClCompile>
    <ClCompile Include="treasure.cpp">
      <Filter>Source Files\Game Items</Filter>
    </ClCompile>
    <ClCompile Include="brokenBrick.cpp">
      <Filter>Source Files\Game Objects</Filter>
    </ClCompile>
    <ClCompile Include="hidden.cpp">
      <Filter>Source Files\Game Objects</Filter>
    </ClCompile>
    <ClCompile Include="selector.cpp">
      <Filter>Source Files\Game Objects</Filter>
    </ClCompile>
  </ItemGroup>
  <ItemGroup>
    <ResourceCompile Include="DoAnGame.rc">
      <Filter>Resource Files</Filter>
    </ResourceCompile>
  </ItemGroup>
  <ItemGroup>
    <Image Include="small.ico">
      <Filter>Resource Files</Filter>
    </Image>
    <Image Include="DoAnGame.ico">
      <Filter>Resource Files</Filter>
    </Image>
  </ItemGroup>
  <ItemGroup>
    <Xml Include="data.xml" />
  </ItemGroup>
  <ItemGroup>
    <None Include="packages.config" />
  </ItemGroup>
</Project>